%{
  "benchee": {:hex, :benchee, "1.5.0", "4d812c31d54b0ec0167e91278e7de3f596324a78a096fd3d0bea68bb0c513b10", [:mix], [{:deep_merge, "~> 1.0", [hex: :deep_merge, repo: "hexpm", optional: false]}, {:statistex, "~> 1.1", [hex: :statistex, repo: "hexpm", optional: false]}, {:table, "~> 0.1.0", [hex: :table, repo: "hexpm", optional: true]}], "hexpm", "5b075393aea81b8ae74eadd1c28b1d87e8a63696c649d8293db7c4df3eb67535"},
  "benchee_html": {:hex, :benchee_html, "1.0.1", "1e247c0886c3fdb0d3f4b184b653a8d6fb96e4ad0d0389267fe4f36968772e24", [:mix], [{:benchee, ">= 0.99.0 and < 2.0.0", [hex: :benchee, repo: "hexpm", optional: false]}, {:benchee_json, "~> 1.0", [hex: :benchee_json, repo: "hexpm", optional: false]}], "hexpm", "b00a181af7152431901e08f3fc9f7197ed43ff50421a8347b0c80bf45d5b3fef"},
  "benchee_json": {:hex, :benchee_json, "1.0.0", "cc661f4454d5995c08fe10dd1f2f72f229c8f0fb1c96f6b327a8c8fc96a91fe5", [:mix], [{:benchee, ">= 0.99.0 and < 2.0.0", [hex: :benchee, repo: "hexpm", optional: false]}, {:jason, "~> 1.0", [hex: :jason, repo: "hexpm", optional: false]}], "hexpm", "da05d813f9123505f870344d68fb7c86a4f0f9074df7d7b7e2bb011a63ec231c"},
  "bunt": {:hex, :bunt, "1.0.0", "081c2c665f086849e6d57900292b3a161727ab40431219529f13c4ddcf3e7a44", [:mix], [], "hexpm", "dc5f86aa08a5f6fa6b8096f0735c4e76d54ae5c9fa2c143e5a1fc7c1cd9bb6b5"},
  "bypass": {:hex, :bypass, "2.1.0", "909782781bf8e20ee86a9cabde36b259d44af8b9f38756173e8f5e2e1fabb9b1", [:mix], [{:plug, "~> 1.7", [hex: :plug, repo: "hexpm", optional: false]}, {:plug_cowboy, "~> 2.0", [hex: :plug_cowboy, repo: "hexpm", optional: false]}, {:ranch, "~> 1.3", [hex: :ranch, repo: "hexpm", optional: false]}], "hexpm", "d9b5df8fa5b7a6efa08384e9bbecfe4ce61c77d28a4282f79e02f1ef78d96b80"},
  "complex": {:hex, :complex, "0.7.0", "695632ef9487517aa5d57edd1697801079d622414cb2e1a7cf538b1f9a50f205", [:mix], [], "hexpm", "0ee39c0803129f546e7f3f640da8f021c9e659402bf59da6f7f2c4848f068f8d"},
  "cowboy": {:hex, :cowboy, "2.15.0", "9cfe86ed7117bf045e10adbedb0170af7be57f2a3637e7be143433d8dd267396", [:make, :rebar3], [{:cowlib, ">= 2.16.0 and < 3.0.0", [hex: :cowlib, repo: "hexpm", optional: false]}, {:ranch, ">= 1.8.0 and < 3.0.0", [hex: :ranch, repo: "hexpm", optional: false]}], "hexpm", "179fb65140fb440a17b767ad53b755081506f9596c4db5c49c0396d8c8643668"},
  "cowboy_telemetry": {:hex, :cowboy_telemetry, "0.4.0", "f239f68b588efa7707abce16a84d0d2acf3a0f50571f8bb7f56a15865aae820c", [:rebar3], [{:cowboy, "~> 2.7", [hex: :cowboy, repo: "hexpm", optional: false]}, {:telemetry, "~> 1.0", [hex: :telemetry, repo: "hexpm", optional: false]}], "hexpm", "7d98bac1ee4565d31b62d59f8823dfd8356a169e7fcbb83831b8a5397404c9de"},
  "cowlib": {:hex, :cowlib, "2.16.1", "318d385d55f657e9a5005838c4e426e13dcd724a691438384b6165a69687e531", [:make, :rebar3], [], "hexpm", "58f1e425a9e04176f1d30e20116f57c4e90ef0e187552e9741c465bdf4044f70"},
  "credo": {:hex, :credo, "1.7.14", "c7e75216cea8d978ba8c60ed9dede4cc79a1c99a266c34b3600dd2c33b96bc92", [:mix], [{:bunt, "~> 0.2.1 or ~> 1.0", [hex: :bunt, repo: "hexpm", optional: false]}, {:file_system, "~> 0.2 or ~> 1.0", [hex: :file_system, repo: "hexpm", optional: false]}, {:jason, "~> 1.0", [hex: :jason, repo: "hexpm", optional: false]}], "hexpm", "12a97d6bb98c277e4fb1dff45aaf5c137287416009d214fb46e68147bd9e0203"},
  "deep_merge": {:hex, :deep_merge, "1.0.0", "b4aa1a0d1acac393bdf38b2291af38cb1d4a52806cf7a4906f718e1feb5ee961", [:mix], [], "hexpm", "ce708e5f094b9cd4e8f2be4f00d2f4250c4095be93f8cd6d018c753894885430"},
  "earmark_parser": {:hex, :earmark_parser, "1.4.44", "f20830dd6b5c77afe2b063777ddbbff09f9759396500cdbe7523efd58d7a339c", [:mix], [], "hexpm", "4778ac752b4701a5599215f7030989c989ffdc4f6df457c5f36938cc2d2a2750"},
  "ex_ast": {:hex, :ex_ast, "0.12.0", "052ad63711da41b7efbfb3490dbf3d757bb67caec17d02f6deb0db4a0363e5f6", [:mix], [{:jason, "~> 1.4", [hex: :jason, repo: "hexpm", optional: false]}, {:sourceror, "~> 1.7", [hex: :sourceror, repo: "hexpm", optional: false]}], "hexpm", "66b4797f157d32f0a63c6da227515f78816c0ac8f621f6d7a2b22108e7b4dd85"},
  "ex_doc": {:hex, :ex_doc, "0.39.3", "519c6bc7e84a2918b737aec7ef48b96aa4698342927d080437f61395d361dcee", [:mix], [{:earmark_parser, "~> 1.4.44", [hex: :earmark_parser, repo: "hexpm", optional: false]}, {:makeup_c, ">= 0.1.0", [hex: :makeup_c, repo: "hexpm", optional: true]}, {:makeup_elixir, "~> 0.14 or ~> 1.0", [hex: :makeup_elixir, repo: "hexpm", optional: false]}, {:makeup_erlang, "~> 0.1 or ~> 1.0", [hex: :makeup_erlang, repo: "hexpm", optional: false]}, {:makeup_html, ">= 0.1.0", [hex: :makeup_html, repo: "hexpm", optional: true]}], "hexpm", "0590955cf7ad3b625780ee1c1ea627c28a78948c6c0a9b0322bd976a079996e1"},
  "excoveralls": {:hex, :excoveralls, "0.18.5", "e229d0a65982613332ec30f07940038fe451a2e5b29bce2a5022165f0c9b157e", [:mix], [{:castore, "~> 1.0", [hex: :castore, repo: "hexpm", optional: true]}, {:jason, "~> 1.0", [hex: :jason, repo: "hexpm", optional: false]}], "hexpm", "523fe8a15603f86d64852aab2abe8ddbd78e68579c8525ae765facc5eae01562"},
  "file_system": {:hex, :file_system, "1.1.1", "31864f4685b0148f25bd3fbef2b1228457c0c89024ad67f7a81a3ffbc0bbad3a", [:mix], [], "hexpm", "7a15ff97dfe526aeefb090a7a9d3d03aa907e100e262a0f8f7746b78f8f87a5d"},
  "finch": {:hex, :finch, "0.23.0", "e3f9287ac25a8832f848b144c2b57346aac65b205e2e0629a52adfe6507fd837", [:mix], [{:mime, "~> 1.0 or ~> 2.0", [hex: :mime, repo: "hexpm", optional: false]}, {:mint, "~> 1.8", [hex: :mint, repo: "hexpm", optional: false]}, {:nimble_options, "~> 0.4 or ~> 1.0", [hex: :nimble_options, repo: "hexpm", optional: false]}, {:nimble_pool, "~> 1.1", [hex: :nimble_pool, repo: "hexpm", optional: false]}, {:telemetry, "~> 0.4 or ~> 1.0", [hex: :telemetry, repo: "hexpm", optional: false]}], "hexpm", "80e58d3f936f57e3fdf404f83a3642897ae6d9fb642934e46da4d8fe761b99d5"},
  "glob_ex": {:hex, :glob_ex, "0.1.11", "cb50d3f1ef53f6ca04d6252c7fde09fd7a1cf63387714fe96f340a1349e62c93", [:mix], [], "hexpm", "342729363056e3145e61766b416769984c329e4378f1d558b63e341020525de4"},
  "hpax": {:hex, :hpax, "1.0.3", "ed67ef51ad4df91e75cc6a1494f851850c0bd98ebc0be6e81b026e765ee535aa", [:mix], [], "hexpm", "8eab6e1cfa8d5918c2ce4ba43588e894af35dbd8e91e6e55c817bca5847df34a"},
  "igniter": {:hex, :igniter, "0.8.0", "c7cab589440e5f20ff68e00f60eb094378114dab3105c0784ce8140f8dfdd2c0", [:mix], [{:ex_ast, "~> 0.5", [hex: :ex_ast, repo: "hexpm", optional: false]}, {:glob_ex, "~> 0.1.7", [hex: :glob_ex, repo: "hexpm", optional: false]}, {:jason, "~> 1.4", [hex: :jason, repo: "hexpm", optional: false]}, {:owl, "~> 0.11", [hex: :owl, repo: "hexpm", optional: false]}, {:phx_new, "~> 1.7", [hex: :phx_new, repo: "hexpm", optional: true]}, {:req, "~> 0.5", [hex: :req, repo: "hexpm", optional: false]}, {:rewrite, ">= 1.1.1 and < 2.0.0-0", [hex: :rewrite, repo: "hexpm", optional: false]}, {:sourceror, "~> 1.4", [hex: :sourceror, repo: "hexpm", optional: false]}, {:spitfire, ">= 0.1.3 and < 1.0.0-0", [hex: :spitfire, repo: "hexpm", optional: false]}], "hexpm", "fcd99096fde4797f7b48bebddcfc58785569acd696346a3eb385bf813f47a7cc"},
  "jason": {:hex, :jason, "1.4.5", "2e3a008590b0b8d7388c20293e9dcc9cf3e5d642fd2a114e4cbbb52e595d940a", [:mix], [{:decimal, "~> 1.0 or ~> 2.0 or ~> 3.0", [hex: :decimal, repo: "hexpm", optional: true]}], "hexpm", "b0c823996102bcd0239b3c2444eb00409b72f6a140c1950bc8b457d836b30684"},
  "makeup": {:hex, :makeup, "1.2.1", "e90ac1c65589ef354378def3ba19d401e739ee7ee06fb47f94c687016e3713d1", [:mix], [{:nimble_parsec, "~> 1.4", [hex: :nimble_parsec, repo: "hexpm", optional: false]}], "hexpm", "d36484867b0bae0fea568d10131197a4c2e47056a6fbe84922bf6ba71c8d17ce"},
  "makeup_elixir": {:hex, :makeup_elixir, "1.0.1", "e928a4f984e795e41e3abd27bfc09f51db16ab8ba1aebdba2b3a575437efafc2", [:mix], [{:makeup, "~> 1.0", [hex: :makeup, repo: "hexpm", optional: false]}, {:nimble_parsec, "~> 1.2.3 or ~> 1.3", [hex: :nimble_parsec, repo: "hexpm", optional: false]}], "hexpm", "7284900d412a3e5cfd97fdaed4f5ed389b8f2b4cb49efc0eb3bd10e2febf9507"},
  "makeup_erlang": {:hex, :makeup_erlang, "1.0.2", "03e1804074b3aa64d5fad7aa64601ed0fb395337b982d9bcf04029d68d51b6a7", [:mix], [{:makeup, "~> 1.0", [hex: :makeup, repo: "hexpm", optional: false]}], "hexpm", "af33ff7ef368d5893e4a267933e7744e46ce3cf1f61e2dccf53a111ed3aa3727"},
  "mime": {:hex, :mime, "2.0.7", "b8d739037be7cd402aee1ba0306edfdef982687ee7e9859bee6198c1e7e2f128", [:mix], [], "hexpm", "6171188e399ee16023ffc5b76ce445eb6d9672e2e241d2df6050f3c771e80ccd"},
  "mint": {:hex, :mint, "1.9.0", "d6f534c2a3e98b2a8cc749b4796eb77e9e3af79a76f96e4c74035a827de0d318", [:mix], [{:castore, "~> 0.1.0 or ~> 1.0", [hex: :castore, repo: "hexpm", optional: true]}, {:hpax, "~> 0.1.1 or ~> 0.2.0 or ~> 1.0", [hex: :hpax, repo: "hexpm", optional: false]}], "hexpm", "007154c7d8c43916aed3c93afd1f11aebbaa9c5ff4b7ba55ebe0d17ee0296042"},
  "nimble_options": {:hex, :nimble_options, "1.1.1", "e3a492d54d85fc3fd7c5baf411d9d2852922f66e69476317787a7b2bb000a61b", [:mix], [], "hexpm", "821b2470ca9442c4b6984882fe9bb0389371b8ddec4d45a9504f00a66f650b44"},
  "nimble_parsec": {:hex, :nimble_parsec, "1.4.2", "8efba0122db06df95bfaa78f791344a89352ba04baedd3849593bfce4d0dc1c6", [:mix], [], "hexpm", "4b21398942dda052b403bbe1da991ccd03a053668d147d53fb8c4e0efe09c973"},
  "nimble_pool": {:hex, :nimble_pool, "1.1.0", "bf9c29fbdcba3564a8b800d1eeb5a3c58f36e1e11d7b7fb2e084a643f645f06b", [:mix], [], "hexpm", "af2e4e6b34197db81f7aad230c1118eac993acc0dae6bc83bac0126d4ae0813a"},
  "nx": {:hex, :nx, "0.12.1", "6e9fee43a77646d04faad2ba4e449b9e270c6b23e413f203cb4d81e71c0a617f", [:mix], [{:complex, "~> 0.7", [hex: :complex, repo: "hexpm", optional: false]}, {:telemetry, "~> 0.4.0 or ~> 1.0", [hex: :telemetry, repo: "hexpm", optional: false]}], "hexpm", "ee80f6ae898f68bbfe7f30216b06aab10096231ec99ded1208a827256b23d0fb"},
  "owl": {:hex, :owl, "0.13.0", "26010e066d5992774268f3163506972ddac0a7e77bfe57fa42a250f24d6b876e", [:mix], [{:ucwidth, "~> 0.2", [hex: :ucwidth, repo: "hexpm", optional: true]}], "hexpm", "59bf9d11ce37a4db98f57cb68fbfd61593bf419ec4ed302852b6683d3d2f7475"},
  "plug": {:hex, :plug, "1.20.2", "adbee2441232412e37fbb357fd5e4cd533fdd253b29f2e1992262b0f1fb01462", [:mix], [{:mime, "~> 1.0 or ~> 2.0", [hex: :mime, repo: "hexpm", optional: false]}, {:plug_crypto, "~> 1.1.1 or ~> 1.2 or ~> 2.0", [hex: :plug_crypto, repo: "hexpm", optional: false]}, {:telemetry, "~> 0.4.3 or ~> 1.0", [hex: :telemetry, repo: "hexpm", optional: false]}], "hexpm", "b16baf55877d60891002ffc1ce0b3ff7d6f30a38a23e02e4d4293c4ac266f136"},
  "plug_cowboy": {:hex, :plug_cowboy, "2.8.1", "5aa391a5e8d1ac3192e36a3bcaff12b5fd6ef6c7e29b53a38e63a860783e77d0", [:mix], [{:cowboy, "~> 2.7", [hex: :cowboy, repo: "hexpm", optional: false]}, {:cowboy_telemetry, "~> 0.3", [hex: :cowboy_telemetry, repo: "hexpm", optional: false]}, {:plug, "~> 1.14", [hex: :plug, repo: "hexpm", optional: false]}], "hexpm", "4c200288673d5bc86a0ab7dc6a2a069176a74e5d573ef62740a1c517458a5f26"},
  "plug_crypto": {:hex, :plug_crypto, "2.1.1", "19bda8184399cb24afa10be734f84a16ea0a2bc65054e23a62bb10f06bc89491", [:mix], [], "hexpm", "6470bce6ffe41c8bd497612ffde1a7e4af67f36a15eea5f921af71cf3e11247c"},
  "ranch": {:hex, :ranch, "1.8.1", "208169e65292ac5d333d6cdbad49388c1ae198136e4697ae2f474697140f201c", [:make, :rebar3], [], "hexpm", "aed58910f4e21deea992a67bf51632b6d60114895eb03bb392bb733064594dd0"},
  "req": {:hex, :req, "0.6.2", "b9b2024f35bcf60a92cc8cad2eaaf9d4e7aace463ff74be1afe5986830184413", [:mix], [{:brotli, "~> 0.3.1", [hex: :brotli, repo: "hexpm", optional: true]}, {:ezstd, "~> 1.0", [hex: :ezstd, repo: "hexpm", optional: true]}, {:finch, "~> 0.21", [hex: :finch, repo: "hexpm", optional: false]}, {:jason, "~> 1.0", [hex: :jason, repo: "hexpm", optional: false]}, {:mime, "~> 2.0.6 or ~> 2.1", [hex: :mime, repo: "hexpm", optional: false]}, {:nimble_csv, "~> 1.0", [hex: :nimble_csv, repo: "hexpm", optional: true]}, {:plug, "~> 1.0", [hex: :plug, repo: "hexpm", optional: true]}], "hexpm", "cc9cd30a2ddd04989929b887178e1610c940456d962c6c3a52df6146d2eef9bf"},
  "rewrite": {:hex, :rewrite, "1.3.0", "67448ba7975690b35ba7e7f35717efcce317dbd5963cb0577aa7325c1923121a", [:mix], [{:glob_ex, "~> 0.1", [hex: :glob_ex, repo: "hexpm", optional: false]}, {:sourceror, "~> 1.0", [hex: :sourceror, repo: "hexpm", optional: false]}, {:text_diff, "~> 0.1", [hex: :text_diff, repo: "hexpm", optional: false]}], "hexpm", "d111ac7ff3a58a802ef4f193bbd1831e00a9c57b33276e5068e8390a212714a5"},
  "sourceror": {:hex, :sourceror, "1.12.0", "da354c5f35aad3cc1132f5d5b0d8437d865e2661c263260480bab51b5eedb437", [:mix], [], "hexpm", "755703683bd014ebcd5de9acc24b68fb874a660a568d1d63f8f98cd8a6ef9cd0"},
  "spitfire": {:hex, :spitfire, "0.3.12", "0f7780e4c6ea3753b65ea0c4924f3dfd5c21a51aaa734ffb9dd0b68d2544f27e", [:mix], [], "hexpm", "a389931287b85330c0e954ab06447e198516ab368a232a0200ed77ca13ca9acf"},
  "statistex": {:hex, :statistex, "1.1.0", "7fec1eb2f580a0d2c1a05ed27396a084ab064a40cfc84246dbfb0c72a5c761e5", [:mix], [], "hexpm", "f5950ea26ad43246ba2cce54324ac394a4e7408fdcf98b8e230f503a0cba9cf5"},
  "table": {:hex, :table, "0.1.2", "87ad1125f5b70c5dea0307aa633194083eb5182ec537efc94e96af08937e14a8", [:mix], [], "hexpm", "7e99bc7efef806315c7e65640724bf165c3061cdc5d854060f74468367065029"},
  "telemetry": {:hex, :telemetry, "1.4.2", "a0cb522801dffb1c49fe6e30561badffc7b6d0e180db1300df759faa22062855", [:rebar3], [], "hexpm", "928f6495066506077862c0d1646609eed891a4326bee3126ba54b60af61febb1"},
  "text_diff": {:hex, :text_diff, "0.1.0", "1caf3175e11a53a9a139bc9339bd607c47b9e376b073d4571c031913317fecaa", [:mix], [], "hexpm", "d1ffaaecab338e49357b6daa82e435f877e0649041ace7755583a0ea3362dbd7"},
  "usage_rules": {:hex, :usage_rules, "1.2.6", "a7b3f8d6e5d265701139d5714749c37c54bb82230a4c51ec54a12a1e4769b9d1", [:mix], [{:igniter, ">= 0.6.6 and < 1.0.0-0", [hex: :igniter, repo: "hexpm", optional: false]}, {:jason, "~> 1.0", [hex: :jason, repo: "hexpm", optional: false]}, {:req, "~> 0.5", [hex: :req, repo: "hexpm", optional: false]}], "hexpm", "608411b9876a16a9d62a427dbaf42faf458e4cd0a508b3bd7e5ee71502073582"},
  "vega_lite": {:hex, :vega_lite, "0.1.11", "2b261d21618f6fa9f63bb4542f0262982d2e40aea3f83e935788fe172902b3c2", [:mix], [{:table, "~> 0.1.0", [hex: :table, repo: "hexpm", optional: false]}], "hexpm", "d18c3f11369c14bdf36ab53010c06bf5505c221cbcb32faac7420cf6926b3c50"},
}
